
Microsoft Visual Studio Solution File, Format Version 12.00
# Visual Studio Version 17
VisualStudioVersion = 17.0.32112.339
MinimumVisualStudioVersion = 10.0.40219.1
Project("{9A19103F-16F7-4668-BE54-9A1E7A4F7556}") = "Frends.AS4.PullRequest", "Frends.AS4.PullRequest\Frends.AS4.PullRequest.csproj", "{C1D2E3F4-A5B6-7890-CDEF-012345678901}"
EndProject
Project("{9A19103F-16F7-4668-BE54-9A1E7A4F7556}") = "Frends.AS4.PullRequest.Tests", "Frends.AS4.PullRequest.Tests\Frends.AS4.PullRequest.Tests.csproj", "{D2E3F4A5-B6C7-8901-DEFA-123456789012}"
EndProject
Project("{2150E333-8FDC-42A3-9474-1A3956D46DE8}") = "Solution Items", "Solution Items", "{E3F4A5B6-C7D8-9012-EFAB-234567890123}"
	ProjectSection(SolutionItems) = preProject
		CHANGELOG.md = CHANGELOG.md
		README.md = README.md
	EndProjectSection
EndProject
Global
	GlobalSection(SolutionConfigurationPlatforms) = preSolution
		Debug|Any CPU = Debug|Any CPU
		Release|Any CPU = Release|Any CPU
	EndGlobalSection
	GlobalSection(ProjectConfigurationPlatforms) = postSolution
		{C1D2E3F4-A5B6-7890-CDEF-012345678901}.Debug|Any CPU.ActiveCfg = Debug|Any CPU
		{C1D2E3F4-A5B6-7890-CDEF-012345678901}.Debug|Any CPU.Build.0 = Debug|Any CPU
		{C1D2E3F4-A5B6-7890-CDEF-012345678901}.Release|Any CPU.ActiveCfg = Release|Any CPU
		{C1D2E3F4-A5B6-7890-CDEF-012345678901}.Release|Any CPU.Build.0 = Release|Any CPU
		{D2E3F4A5-B6C7-8901-DEFA-123456789012}.Debug|Any CPU.ActiveCfg = Debug|Any CPU
		{D2E3F4A5-B6C7-8901-DEFA-123456789012}.Debug|Any CPU.Build.0 = Debug|Any CPU
		{D2E3F4A5-B6C7-8901-DEFA-123456789012}.Release|Any CPU.ActiveCfg = Release|Any CPU
		{D2E3F4A5-B6C7-8901-DEFA-123456789012}.Release|Any CPU.Build.0 = Release|Any CPU
	EndGlobalSection
	GlobalSection(SolutionProperties) = preSolution
		HideSolutionNode = FALSE
	EndGlobalSection
	GlobalSection(ExtensibilityGlobals) = postSolution
		SolutionGuid = {F4A5B6C7-D8E9-0123-FABC-345678901234}
	EndGlobalSection
EndGlobal
